{
  "version": "4",
  "specifiers": {
    "jsr:@b-fuze/deno-dom@*": "0.1.48",
    "jsr:@hono/hono@^4.6.11": "4.6.11",
    "npm:create-hono@*": "0.14.2"
  },
  "jsr": {
    "@b-fuze/deno-dom@0.1.48": {
      "integrity": "bf5b591aef2e9e9c59adfcbb93a9ecd45bab5b7c8263625beafa5c8f1662e7da"
    },
    "@hono/hono@4.6.11": {
      "integrity": "07399d911f09e94b7dc1e0e0a0577d35fe66578af20163d513958364c4e9e702"
    }
  },
  "npm": {
    "create-hono@0.14.2": {
      "integrity": "sha512-u/V4IKUxUKCb1oNIX13A4nP9aVeVYvWGcQ8wVK6AjSagR4gsjvo6F8SqqHa/maSKVOXnd7oSOQ4Q9QvpcurOsw=="
    }
  },
  "workspace": {
    "dependencies": [
      "jsr:@hono/hono@^4.6.11"
    ]
  }
}
